
Microsoft Visual Studio Solution File, Format Version 10.00
# Visual Studio 2008
Project("{FAE04EC0-301F-11D3-BF4B-00C04F79EFBC}") = "Ebada.Scgl.Resource", "Ebada.Scgl.Resource.csproj", "{A492B6EC-3EE3-4CD5-B5DD-2DED3DCB9E2E}"
EndProject
Global
	GlobalSection(SolutionConfigurationPlatforms) = preSolution
		Debug|Any CPU = Debug|Any CPU
		Release|Any CPU = Release|Any CPU
	EndGlobalSection
	GlobalSection(ProjectConfigurationPlatforms) = postSolution
		{A492B6EC-3EE3-4CD5-B5DD-2DED3DCB9E2E}.Debug|Any CPU.ActiveCfg = Debug|Any CPU
		{A492B6EC-3EE3-4CD5-B5DD-2DED3DCB9E2E}.Debug|Any CPU.Build.0 = Debug|Any CPU
		{A492B6EC-3EE3-4CD5-B5DD-2DED3DCB9E2E}.Release|Any CPU.ActiveCfg = Release|Any CPU
		{A492B6EC-3EE3-4CD5-B5DD-2DED3DCB9E2E}.Release|Any CPU.Build.0 = Release|Any CPU
	EndGlobalSection
	GlobalSection(SolutionProperties) = preSolution
		HideSolutionNode = FALSE
	EndGlobalSection
EndGlobal
