
Microsoft Visual Studio Solution File, Format Version 10.00
# Visual Studio 2008
Project("{2150E333-8FDC-42A3-9474-1A3956D46DE8}") = "软件发布", "软件发布", "{DF487866-3181-456A-9DC8-F47147407B0D}"
EndProject
Project("{54435603-DBB4-11D2-8724-00A0C9A8B90C}") = "���鐠ྫ", "发布\ScglSetup\ScglSetup.vdproj", "{9BF99007-7252-4BCE-9187-F556D0DDB4A8}"
EndProject
Project("{54435603-DBB4-11D2-8724-00A0C9A8B90C}") = "ServerSetup", "ServerSetup\ServerSetup.vdproj", "{02A84A48-DEB8-485B-99DD-FD4A642C70CB}"
EndProject
Global
	GlobalSection(SubversionScc) = preSolution
		Svn-Managed = True
		Manager = AnkhSVN - Subversion Support for Visual Studio
	EndGlobalSection
	GlobalSection(SolutionConfigurationPlatforms) = preSolution
		Debug|Any CPU = Debug|Any CPU
		Debug|x86 = Debug|x86
		Release|Any CPU = Release|Any CPU
		Release|x86 = Release|x86
	EndGlobalSection
	GlobalSection(ProjectConfigurationPlatforms) = postSolution
		{9BF99007-7252-4BCE-9187-F556D0DDB4A8}.Debug|Any CPU.ActiveCfg = Debug
		{9BF99007-7252-4BCE-9187-F556D0DDB4A8}.Debug|x86.ActiveCfg = Debug
		{9BF99007-7252-4BCE-9187-F556D0DDB4A8}.Release|Any CPU.ActiveCfg = Release
		{9BF99007-7252-4BCE-9187-F556D0DDB4A8}.Release|x86.ActiveCfg = Release
		{02A84A48-DEB8-485B-99DD-FD4A642C70CB}.Debug|Any CPU.ActiveCfg = Debug
		{02A84A48-DEB8-485B-99DD-FD4A642C70CB}.Debug|x86.ActiveCfg = Debug
		{02A84A48-DEB8-485B-99DD-FD4A642C70CB}.Release|Any CPU.ActiveCfg = Release
		{02A84A48-DEB8-485B-99DD-FD4A642C70CB}.Release|x86.ActiveCfg = Release
	EndGlobalSection
	GlobalSection(SolutionProperties) = preSolution
		HideSolutionNode = FALSE
	EndGlobalSection
	GlobalSection(NestedProjects) = preSolution
		{02A84A48-DEB8-485B-99DD-FD4A642C70CB} = {DF487866-3181-456A-9DC8-F47147407B0D}
	EndGlobalSection
EndGlobal
