
Microsoft Visual Studio Solution File, Format Version 10.00
# Visual Studio 2008
Project("{2150E333-8FDC-42A3-9474-1A3956D46DE8}") = "客户端", "客户端", "{10DE0842-5BC6-406E-9A53-966CAF648BF8}"
EndProject
Project("{FAE04EC0-301F-11D3-BF4B-00C04F79EFBC}") = "Ebada.Scgl.Yxgl", "Ebada.Scgl.Yxgl\Ebada.Scgl.Yxgl.csproj", "{FE5D1D78-6555-4A60-9261-463127722D1E}"
EndProject
Project("{FAE04EC0-301F-11D3-BF4B-00C04F79EFBC}") = "Ebada.Scgl.Gis", "Ebada.Scgl.Gis\Ebada.Scgl.Gis.csproj", "{0D4A51D4-E72E-4423-A308-F35291195DFD}"
EndProject
Project("{FAE04EC0-301F-11D3-BF4B-00C04F79EFBC}") = "Ebada.Scgl.Core", "Ebada.Scgl.Core\Ebada.Scgl.Core.csproj", "{BFD83E09-E190-4B5E-8F16-BD91F457E058}"
EndProject
Project("{FAE04EC0-301F-11D3-BF4B-00C04F79EFBC}") = "Ebada.Scgl.Sbgl", "Ebada.Scgl.Sbgl\Ebada.Scgl.Sbgl.csproj", "{890818B2-EE50-4CB2-9C85-BAA60730CAAB}"
EndProject
Project("{FAE04EC0-301F-11D3-BF4B-00C04F79EFBC}") = "Ebada.Scgl.Xtgl", "Ebada.Scgl.Xtgl\Ebada.Scgl.Xtgl.csproj", "{BDBE45E2-0DB8-4C7C-8177-0F1FBB5831C8}"
EndProject
Project("{FAE04EC0-301F-11D3-BF4B-00C04F79EFBC}") = "Ebada.Scgl.Lpgl", "Ebada.Scgl.Lpgl\Ebada.Scgl.Lpgl.csproj", "{F20882E3-3C19-4EE9-914E-2C181DA37F98}"
EndProject
Project("{FAE04EC0-301F-11D3-BF4B-00C04F79EFBC}") = "Ebada.Scgl.WFlow", "Ebada.Scgl.WFlow\Ebada.Scgl.WFlow.csproj", "{DB517AF8-551D-4C08-83BE-69D803C89173}"
EndProject
Project("{FAE04EC0-301F-11D3-BF4B-00C04F79EFBC}") = "AutoUpdater", "AutoUpdater\AutoUpdater.csproj", "{4BA4719C-C6AB-49BA-9754-848CA24C1FD6}"
EndProject
Project("{FAE04EC0-301F-11D3-BF4B-00C04F79EFBC}") = "Ebada.SCGL.WFlow.Engine", "Ebada.SCGL.WFlow.Engine\Ebada.SCGL.WFlow.Engine.csproj", "{2F733548-64BA-4727-96FC-B4467B7F3D3B}"
EndProject
Project("{FAE04EC0-301F-11D3-BF4B-00C04F79EFBC}") = "Ebada.SCGL.WFlow.Test", "Ebada.SCGL.WFlow.Test\Ebada.SCGL.WFlow.Test.csproj", "{2146DCDE-CECA-47B8-B8FD-1E6D216648B7}"
EndProject
Project("{FAE04EC0-301F-11D3-BF4B-00C04F79EFBC}") = "Ebada.SCGL.WFlow.Tool", "Ebada.SCGL.WFlow.Tool\Ebada.SCGL.WFlow.Tool.csproj", "{A3173743-90E7-4A97-867E-80353C694D91}"
EndProject
Project("{FAE04EC0-301F-11D3-BF4B-00C04F79EFBC}") = "Ebada.App", "Ebada.App\Ebada.App.csproj", "{26CB22CC-452F-4B6D-8FF6-E004154886B9}"
EndProject
Project("{2150E333-8FDC-42A3-9474-1A3956D46DE8}") = "软件发布", "软件发布", "{DF487866-3181-456A-9DC8-F47147407B0D}"
EndProject
Project("{54435603-DBB4-11D2-8724-00A0C9A8B90C}") = "ScglSetup", "发布\ScglSetup\ScglSetup.vdproj", "{9BF99007-7252-4BCE-9187-F556D0DDB4A8}"
EndProject
Global
	GlobalSection(SubversionScc) = preSolution
		Svn-Managed = True
		Manager = AnkhSVN - Subversion Support for Visual Studio
	EndGlobalSection
	GlobalSection(SolutionConfigurationPlatforms) = preSolution
		Debug|Any CPU = Debug|Any CPU
		Release|Any CPU = Release|Any CPU
	EndGlobalSection
	GlobalSection(ProjectConfigurationPlatforms) = postSolution
		{FE5D1D78-6555-4A60-9261-463127722D1E}.Debug|Any CPU.ActiveCfg = Debug|Any CPU
		{FE5D1D78-6555-4A60-9261-463127722D1E}.Debug|Any CPU.Build.0 = Debug|Any CPU
		{FE5D1D78-6555-4A60-9261-463127722D1E}.Release|Any CPU.ActiveCfg = Release|Any CPU
		{FE5D1D78-6555-4A60-9261-463127722D1E}.Release|Any CPU.Build.0 = Release|Any CPU
		{0D4A51D4-E72E-4423-A308-F35291195DFD}.Debug|Any CPU.ActiveCfg = Debug|Any CPU
		{0D4A51D4-E72E-4423-A308-F35291195DFD}.Debug|Any CPU.Build.0 = Debug|Any CPU
		{0D4A51D4-E72E-4423-A308-F35291195DFD}.Release|Any CPU.ActiveCfg = Release|Any CPU
		{0D4A51D4-E72E-4423-A308-F35291195DFD}.Release|Any CPU.Build.0 = Release|Any CPU
		{BFD83E09-E190-4B5E-8F16-BD91F457E058}.Debug|Any CPU.ActiveCfg = Debug|Any CPU
		{BFD83E09-E190-4B5E-8F16-BD91F457E058}.Debug|Any CPU.Build.0 = Debug|Any CPU
		{BFD83E09-E190-4B5E-8F16-BD91F457E058}.Release|Any CPU.ActiveCfg = Release|Any CPU
		{BFD83E09-E190-4B5E-8F16-BD91F457E058}.Release|Any CPU.Build.0 = Release|Any CPU
		{890818B2-EE50-4CB2-9C85-BAA60730CAAB}.Debug|Any CPU.ActiveCfg = Debug|Any CPU
		{890818B2-EE50-4CB2-9C85-BAA60730CAAB}.Debug|Any CPU.Build.0 = Debug|Any CPU
		{890818B2-EE50-4CB2-9C85-BAA60730CAAB}.Release|Any CPU.ActiveCfg = Release|Any CPU
		{890818B2-EE50-4CB2-9C85-BAA60730CAAB}.Release|Any CPU.Build.0 = Release|Any CPU
		{BDBE45E2-0DB8-4C7C-8177-0F1FBB5831C8}.Debug|Any CPU.ActiveCfg = Debug|Any CPU
		{BDBE45E2-0DB8-4C7C-8177-0F1FBB5831C8}.Debug|Any CPU.Build.0 = Debug|Any CPU
		{BDBE45E2-0DB8-4C7C-8177-0F1FBB5831C8}.Release|Any CPU.ActiveCfg = Release|Any CPU
		{BDBE45E2-0DB8-4C7C-8177-0F1FBB5831C8}.Release|Any CPU.Build.0 = Release|Any CPU
		{F20882E3-3C19-4EE9-914E-2C181DA37F98}.Debug|Any CPU.ActiveCfg = Debug|Any CPU
		{F20882E3-3C19-4EE9-914E-2C181DA37F98}.Debug|Any CPU.Build.0 = Debug|Any CPU
		{F20882E3-3C19-4EE9-914E-2C181DA37F98}.Release|Any CPU.ActiveCfg = Release|Any CPU
		{F20882E3-3C19-4EE9-914E-2C181DA37F98}.Release|Any CPU.Build.0 = Release|Any CPU
		{DB517AF8-551D-4C08-83BE-69D803C89173}.Debug|Any CPU.ActiveCfg = Debug|Any CPU
		{DB517AF8-551D-4C08-83BE-69D803C89173}.Debug|Any CPU.Build.0 = Debug|Any CPU
		{DB517AF8-551D-4C08-83BE-69D803C89173}.Release|Any CPU.ActiveCfg = Release|Any CPU
		{DB517AF8-551D-4C08-83BE-69D803C89173}.Release|Any CPU.Build.0 = Release|Any CPU
		{4BA4719C-C6AB-49BA-9754-848CA24C1FD6}.Debug|Any CPU.ActiveCfg = Debug|Any CPU
		{4BA4719C-C6AB-49BA-9754-848CA24C1FD6}.Debug|Any CPU.Build.0 = Debug|Any CPU
		{4BA4719C-C6AB-49BA-9754-848CA24C1FD6}.Release|Any CPU.ActiveCfg = Release|Any CPU
		{4BA4719C-C6AB-49BA-9754-848CA24C1FD6}.Release|Any CPU.Build.0 = Release|Any CPU
		{2F733548-64BA-4727-96FC-B4467B7F3D3B}.Debug|Any CPU.ActiveCfg = Debug|Any CPU
		{2F733548-64BA-4727-96FC-B4467B7F3D3B}.Debug|Any CPU.Build.0 = Debug|Any CPU
		{2F733548-64BA-4727-96FC-B4467B7F3D3B}.Release|Any CPU.ActiveCfg = Release|Any CPU
		{2F733548-64BA-4727-96FC-B4467B7F3D3B}.Release|Any CPU.Build.0 = Release|Any CPU
		{2146DCDE-CECA-47B8-B8FD-1E6D216648B7}.Debug|Any CPU.ActiveCfg = Debug|Any CPU
		{2146DCDE-CECA-47B8-B8FD-1E6D216648B7}.Debug|Any CPU.Build.0 = Debug|Any CPU
		{2146DCDE-CECA-47B8-B8FD-1E6D216648B7}.Release|Any CPU.ActiveCfg = Release|Any CPU
		{2146DCDE-CECA-47B8-B8FD-1E6D216648B7}.Release|Any CPU.Build.0 = Release|Any CPU
		{A3173743-90E7-4A97-867E-80353C694D91}.Debug|Any CPU.ActiveCfg = Debug|Any CPU
		{A3173743-90E7-4A97-867E-80353C694D91}.Debug|Any CPU.Build.0 = Debug|Any CPU
		{A3173743-90E7-4A97-867E-80353C694D91}.Release|Any CPU.ActiveCfg = Release|Any CPU
		{A3173743-90E7-4A97-867E-80353C694D91}.Release|Any CPU.Build.0 = Release|Any CPU
		{26CB22CC-452F-4B6D-8FF6-E004154886B9}.Debug|Any CPU.ActiveCfg = Debug|Any CPU
		{26CB22CC-452F-4B6D-8FF6-E004154886B9}.Debug|Any CPU.Build.0 = Debug|Any CPU
		{26CB22CC-452F-4B6D-8FF6-E004154886B9}.Release|Any CPU.ActiveCfg = Release|Any CPU
		{26CB22CC-452F-4B6D-8FF6-E004154886B9}.Release|Any CPU.Build.0 = Release|Any CPU
		{9BF99007-7252-4BCE-9187-F556D0DDB4A8}.Debug|Any CPU.ActiveCfg = Debug
		{9BF99007-7252-4BCE-9187-F556D0DDB4A8}.Release|Any CPU.ActiveCfg = Release
	EndGlobalSection
	GlobalSection(SolutionProperties) = preSolution
		HideSolutionNode = FALSE
	EndGlobalSection
	GlobalSection(NestedProjects) = preSolution
		{0D4A51D4-E72E-4423-A308-F35291195DFD} = {10DE0842-5BC6-406E-9A53-966CAF648BF8}
		{BFD83E09-E190-4B5E-8F16-BD91F457E058} = {10DE0842-5BC6-406E-9A53-966CAF648BF8}
		{890818B2-EE50-4CB2-9C85-BAA60730CAAB} = {10DE0842-5BC6-406E-9A53-966CAF648BF8}
		{BDBE45E2-0DB8-4C7C-8177-0F1FBB5831C8} = {10DE0842-5BC6-406E-9A53-966CAF648BF8}
		{F20882E3-3C19-4EE9-914E-2C181DA37F98} = {10DE0842-5BC6-406E-9A53-966CAF648BF8}
		{DB517AF8-551D-4C08-83BE-69D803C89173} = {10DE0842-5BC6-406E-9A53-966CAF648BF8}
		{4BA4719C-C6AB-49BA-9754-848CA24C1FD6} = {10DE0842-5BC6-406E-9A53-966CAF648BF8}
		{2F733548-64BA-4727-96FC-B4467B7F3D3B} = {10DE0842-5BC6-406E-9A53-966CAF648BF8}
		{2146DCDE-CECA-47B8-B8FD-1E6D216648B7} = {10DE0842-5BC6-406E-9A53-966CAF648BF8}
		{A3173743-90E7-4A97-867E-80353C694D91} = {10DE0842-5BC6-406E-9A53-966CAF648BF8}
		{26CB22CC-452F-4B6D-8FF6-E004154886B9} = {10DE0842-5BC6-406E-9A53-966CAF648BF8}
		{9BF99007-7252-4BCE-9187-F556D0DDB4A8} = {DF487866-3181-456A-9DC8-F47147407B0D}
	EndGlobalSection
EndGlobal
