
Microsoft Visual Studio Solution File, Format Version 10.00
# Visual Studio 2008
Project("{FAE04EC0-301F-11D3-BF4B-00C04F79EFBC}") = "Ebada.Server.Host", "Ebada.Server.Host\Ebada.Server.Host.csproj", "{CA32AB79-619A-4658-BD07-64D7063F331E}"
EndProject
Project("{2150E333-8FDC-42A3-9474-1A3956D46DE8}") = "Library", "Library", "{46A66D23-5698-4A91-8E65-6F09587A9CF3}"
	ProjectSection(SolutionItems) = preProject
		Library\AxInterop.DSOFramer.DLL = Library\AxInterop.DSOFramer.DLL
		Library\Castle.Core.dll = Library\Castle.Core.dll
		Library\Castle.DynamicProxy.dll = Library\Castle.DynamicProxy.dll
		Library\Castle.DynamicProxy2.dll = Library\Castle.DynamicProxy2.dll
		Library\Castle.Facilities.AutomaticTransactionManagement.dll = Library\Castle.Facilities.AutomaticTransactionManagement.dll
		Library\Castle.Facilities.IBatisNetIntegration.dll = Library\Castle.Facilities.IBatisNetIntegration.dll
		Library\Castle.MicroKernel.dll = Library\Castle.MicroKernel.dll
		Library\Castle.Services.Transaction.dll = Library\Castle.Services.Transaction.dll
		Library\Castle.Windsor.dll = Library\Castle.Windsor.dll
		Library\DevExpress.Localization.v10.1.dll = Library\DevExpress.Localization.v10.1.dll
		Library\Ebada.Client.Common.dll = Library\Ebada.Client.Common.dll
		Library\Ebada.Client.dll = Library\Ebada.Client.dll
		Library\Ebada.Client.Resource.dll = Library\Ebada.Client.Resource.dll
		Library\Ebada.Components.dll = Library\Ebada.Components.dll
		Library\Ebada.Core.dll = Library\Ebada.Core.dll
		Library\Ebada.Platform.BLL.dll = Library\Ebada.Platform.BLL.dll
		Library\Ebada.Platform.Model.dll = Library\Ebada.Platform.Model.dll
		Library\Ebada.Platform.Server.dll = Library\Ebada.Platform.Server.dll
		Library\Ebada.Server.dll = Library\Ebada.Server.dll
		Library\Ebada.Transport.Model.dll = Library\Ebada.Transport.Model.dll
		Library\Ebada.Transport.Server.dll = Library\Ebada.Transport.Server.dll
		Library\Ebada.UI.dll = Library\Ebada.UI.dll
		Library\Ebada.Win32.dll = Library\Ebada.Win32.dll
		Library\Ebada.WorkFlow.Common.dll = Library\Ebada.WorkFlow.Common.dll
		Library\GMap.NET.Core.dll = Library\GMap.NET.Core.dll
		Library\GMap.NET.WindowsForms.dll = Library\GMap.NET.WindowsForms.dll
		Library\IBatisNet.Common.dll = Library\IBatisNet.Common.dll
		Library\IBatisNet.Common.Logging.Log4Net.dll = Library\IBatisNet.Common.Logging.Log4Net.dll
		Library\IBatisNet.DataAccess.dll = Library\IBatisNet.DataAccess.dll
		Library\IBatisNet.DataMapper.dll = Library\IBatisNet.DataMapper.dll
		Library\Interop.DSOFramer.dll = Library\Interop.DSOFramer.dll
		Library\log4net.config = Library\log4net.config
		Library\log4net.dll = Library\log4net.dll
		Library\Microsoft.Office.Interop.Excel.dll = Library\Microsoft.Office.Interop.Excel.dll
		Library\Microsoft.Vbe.Interop.dll = Library\Microsoft.Vbe.Interop.dll
		Library\office.dll = Library\office.dll
	EndProjectSection
EndProject
Project("{2150E333-8FDC-42A3-9474-1A3956D46DE8}") = "0引用", "0引用", "{C9D639EC-E301-4D45-899B-DEC9D9AC4016}"
EndProject
Project("{2150E333-8FDC-42A3-9474-1A3956D46DE8}") = "output", "output", "{BC0CEF1A-20FD-49B4-8611-9BD8D4F168B9}"
EndProject
Project("{2150E333-8FDC-42A3-9474-1A3956D46DE8}") = "client", "client", "{DA3E73D7-981C-4B5F-AF58-B822377BCE07}"
EndProject
Project("{2150E333-8FDC-42A3-9474-1A3956D46DE8}") = "server", "server", "{5CCF8EB7-B56A-4CD0-ACE8-D38278BAD58B}"
EndProject
Project("{2150E333-8FDC-42A3-9474-1A3956D46DE8}") = "config", "config", "{E5EC9BEA-5BCC-4237-A1DC-8E229CBEAEFC}"
	ProjectSection(SolutionItems) = preProject
		output\client\Config\RemotingTcpConfigClient.config = output\client\Config\RemotingTcpConfigClient.config
	EndProjectSection
EndProject
Project("{2150E333-8FDC-42A3-9474-1A3956D46DE8}") = "config", "config", "{FF3DC5E6-32D4-49BE-9B76-7D5079B395CC}"
EndProject
Project("{2150E333-8FDC-42A3-9474-1A3956D46DE8}") = "ibatis", "ibatis", "{A2487F78-4862-4224-9C4B-90455531A102}"
	ProjectSection(SolutionItems) = preProject
		output\Server\config\ibatis\SqlMap.config = output\Server\config\ibatis\SqlMap.config
	EndProjectSection
EndProject
Project("{2150E333-8FDC-42A3-9474-1A3956D46DE8}") = "remoting", "remoting", "{D94F6475-E950-479D-9092-E6392630AE2E}"
	ProjectSection(SolutionItems) = preProject
		output\Server\config\remoting\RemotingTcpConfig.config = output\Server\config\remoting\RemotingTcpConfig.config
		output\Server\config\remoting\ServerConfig.xml = output\Server\config\remoting\ServerConfig.xml
	EndProjectSection
EndProject
Project("{2150E333-8FDC-42A3-9474-1A3956D46DE8}") = "文档", "文档", "{265E2ED8-B3D7-4AFC-971A-CFC28821CA67}"
EndProject
Project("{FAE04EC0-301F-11D3-BF4B-00C04F79EFBC}") = "Ebada.Modules.Demo", "Ebada.Modules.Demo\Ebada.Modules.Demo.csproj", "{F7CEAF24-AA97-46C3-A18B-B74AA5772BAF}"
EndProject
Project("{2150E333-8FDC-42A3-9474-1A3956D46DE8}") = "服务器", "服务器", "{AD009B7E-3820-4811-BF13-AAF81F3C3256}"
EndProject
Project("{2150E333-8FDC-42A3-9474-1A3956D46DE8}") = "示例", "示例", "{0654A3BC-E54C-4C51-877C-338EE1CFF1B6}"
EndProject
Project("{FAE04EC0-301F-11D3-BF4B-00C04F79EFBC}") = "Ebada.SCGL", "Ebada.SCGL\Ebada.SCGL.csproj", "{FC57F2A1-D0A0-43F5-AEAB-344E92014BAE}"
EndProject
Project("{2150E333-8FDC-42A3-9474-1A3956D46DE8}") = "客户端", "客户端", "{10DE0842-5BC6-406E-9A53-966CAF648BF8}"
EndProject
Project("{FAE04EC0-301F-11D3-BF4B-00C04F79EFBC}") = "Ebada.Scgl.Yxgl", "Ebada.Scgl.Yxgl\Ebada.Scgl.Yxgl.csproj", "{FE5D1D78-6555-4A60-9261-463127722D1E}"
EndProject
Project("{2150E333-8FDC-42A3-9474-1A3956D46DE8}") = "database", "database", "{A9779A45-D41C-4C81-B341-EB929AE9BBC1}"
EndProject
Project("{FAE04EC0-301F-11D3-BF4B-00C04F79EFBC}") = "Ebada.Scgl.Gis", "Ebada.Scgl.Gis\Ebada.Scgl.Gis.csproj", "{0D4A51D4-E72E-4423-A308-F35291195DFD}"
EndProject
Project("{FAE04EC0-301F-11D3-BF4B-00C04F79EFBC}") = "Ebada.Scgl.Core", "Ebada.Scgl.Core\Ebada.Scgl.Core.csproj", "{BFD83E09-E190-4B5E-8F16-BD91F457E058}"
EndProject
Project("{FAE04EC0-301F-11D3-BF4B-00C04F79EFBC}") = "Ebada.Scgl.Sbgl", "Ebada.Scgl.Sbgl\Ebada.Scgl.Sbgl.csproj", "{890818B2-EE50-4CB2-9C85-BAA60730CAAB}"
EndProject
Project("{FAE04EC0-301F-11D3-BF4B-00C04F79EFBC}") = "Ebada.Maps", "Ebada.Maps\Ebada.Maps.csproj", "{C2A8BD1A-52FA-4A05-8581-72C39C795C9C}"
EndProject
Project("{FAE04EC0-301F-11D3-BF4B-00C04F79EFBC}") = "Ebada.Scgl.Model", "Ebada.Scgl.Model\Ebada.Scgl.Model.csproj", "{FCE4B7F7-BDF8-40AE-8F28-88C624C32F25}"
EndProject
Project("{FAE04EC0-301F-11D3-BF4B-00C04F79EFBC}") = "Ebada.Scgl.Xtgl", "Ebada.Scgl.Xtgl\Ebada.Scgl.Xtgl.csproj", "{BDBE45E2-0DB8-4C7C-8177-0F1FBB5831C8}"
EndProject
Project("{FAE04EC0-301F-11D3-BF4B-00C04F79EFBC}") = "Ebada.Scgl.Lpgl", "Ebada.Scgl.Lpgl\Ebada.Scgl.Lpgl.csproj", "{F20882E3-3C19-4EE9-914E-2C181DA37F98}"
EndProject
Project("{FAE04EC0-301F-11D3-BF4B-00C04F79EFBC}") = "Ebada.Scgl.WFlow", "Ebada.Scgl.WFlow\Ebada.Scgl.WFlow.csproj", "{DB517AF8-551D-4C08-83BE-69D803C89173}"
EndProject
Project("{FAE04EC0-301F-11D3-BF4B-00C04F79EFBC}") = "AutoUpdater", "AutoUpdater\AutoUpdater.csproj", "{4BA4719C-C6AB-49BA-9754-848CA24C1FD6}"
EndProject
Project("{FAE04EC0-301F-11D3-BF4B-00C04F79EFBC}") = "Ebada.SCGL.WFlow.Engine", "Ebada.SCGL.WFlow.Engine\Ebada.SCGL.WFlow.Engine.csproj", "{2F733548-64BA-4727-96FC-B4467B7F3D3B}"
EndProject
Project("{FAE04EC0-301F-11D3-BF4B-00C04F79EFBC}") = "Ebada.SCGL.WFlow.Test", "Ebada.SCGL.WFlow.Test\Ebada.SCGL.WFlow.Test.csproj", "{2146DCDE-CECA-47B8-B8FD-1E6D216648B7}"
EndProject
Project("{FAE04EC0-301F-11D3-BF4B-00C04F79EFBC}") = "Ebada.SCGL.WFlow.Tool", "Ebada.SCGL.WFlow.Tool\Ebada.SCGL.WFlow.Tool.csproj", "{A3173743-90E7-4A97-867E-80353C694D91}"
EndProject
Project("{FAE04EC0-301F-11D3-BF4B-00C04F79EFBC}") = "Ebada.App", "Ebada.App\Ebada.App.csproj", "{26CB22CC-452F-4B6D-8FF6-E004154886B9}"
EndProject
Project("{2150E333-8FDC-42A3-9474-1A3956D46DE8}") = "软件发布", "软件发布", "{DF487866-3181-456A-9DC8-F47147407B0D}"
EndProject
Project("{54435603-DBB4-11D2-8724-00A0C9A8B90C}") = "ScglSetup", "发布\ScglSetup\ScglSetup.vdproj", "{9BF99007-7252-4BCE-9187-F556D0DDB4A8}"
EndProject
Project("{FAE04EC0-301F-11D3-BF4B-00C04F79EFBC}") = "Ebada.Client.Config", "Ebada.Client.Config\Ebada.Client.Config.csproj", "{B99C4113-F12D-4071-A64E-EAF2F09902AA}"
EndProject
Project("{FAE04EC0-301F-11D3-BF4B-00C04F79EFBC}") = "Ebada.AutoUpdater.Config", "Ebada.AutoUpdater.Config\Ebada.AutoUpdater.Config.csproj", "{21244318-4997-4F52-8ED7-3293A026502A}"
EndProject
Project("{FAE04EC0-301F-11D3-BF4B-00C04F79EFBC}") = "Ebada.SCGL.Lcgl", "Ebada.SCGL.Lcgl\Ebada.SCGL.Lcgl.csproj", "{1F5C3A84-EA23-43A1-B888-4C4BF2C68905}"
EndProject
Project("{FAE04EC0-301F-11D3-BF4B-00C04F79EFBC}") = "Ebada.ScglUpFileService", "Ebada.ScglUpFileService\Ebada.ScglUpFileService.csproj", "{8D912FC5-617B-4382-9666-3AC8B8195A59}"
EndProject
Project("{FAE04EC0-301F-11D3-BF4B-00C04F79EFBC}") = "Ebada.Scgl.Outer", "Ebada.Scgl.Outer\Ebada.Scgl.Outer.csproj", "{865AA81D-02C6-4563-8562-6A77E93DAE73}"
EndProject
Project("{FAE04EC0-301F-11D3-BF4B-00C04F79EFBC}") = "Ebada.SCGL.ExpressCalculate", "TONLI.Client.ExpressCalculate\Ebada.SCGL.ExpressCalculate.csproj", "{3850C013-73AA-4C2A-8C2C-16D75DB6494F}"
EndProject
Project("{FAE04EC0-301F-11D3-BF4B-00C04F79EFBC}") = "Ebada.SCGL.CADLib", "Ebada.SCGL.CADLib\Ebada.SCGL.CADLib.csproj", "{D3BDBDF2-B305-48A2-9BD1-CE51C4F805FB}"
EndProject
Global
	GlobalSection(SubversionScc) = preSolution
		Svn-Managed = True
		Manager = AnkhSVN - Subversion Support for Visual Studio
	EndGlobalSection
	GlobalSection(SolutionConfigurationPlatforms) = preSolution
		Debug|Any CPU = Debug|Any CPU
		Release|Any CPU = Release|Any CPU
	EndGlobalSection
	GlobalSection(ProjectConfigurationPlatforms) = postSolution
		{CA32AB79-619A-4658-BD07-64D7063F331E}.Debug|Any CPU.ActiveCfg = Debug|Any CPU
		{CA32AB79-619A-4658-BD07-64D7063F331E}.Debug|Any CPU.Build.0 = Debug|Any CPU
		{CA32AB79-619A-4658-BD07-64D7063F331E}.Release|Any CPU.ActiveCfg = Release|Any CPU
		{CA32AB79-619A-4658-BD07-64D7063F331E}.Release|Any CPU.Build.0 = Release|Any CPU
		{F7CEAF24-AA97-46C3-A18B-B74AA5772BAF}.Debug|Any CPU.ActiveCfg = Debug|Any CPU
		{F7CEAF24-AA97-46C3-A18B-B74AA5772BAF}.Debug|Any CPU.Build.0 = Debug|Any CPU
		{F7CEAF24-AA97-46C3-A18B-B74AA5772BAF}.Release|Any CPU.ActiveCfg = Release|Any CPU
		{F7CEAF24-AA97-46C3-A18B-B74AA5772BAF}.Release|Any CPU.Build.0 = Release|Any CPU
		{FC57F2A1-D0A0-43F5-AEAB-344E92014BAE}.Debug|Any CPU.ActiveCfg = Debug|Any CPU
		{FC57F2A1-D0A0-43F5-AEAB-344E92014BAE}.Debug|Any CPU.Build.0 = Debug|Any CPU
		{FC57F2A1-D0A0-43F5-AEAB-344E92014BAE}.Release|Any CPU.ActiveCfg = Release|Any CPU
		{FC57F2A1-D0A0-43F5-AEAB-344E92014BAE}.Release|Any CPU.Build.0 = Release|Any CPU
		{FE5D1D78-6555-4A60-9261-463127722D1E}.Debug|Any CPU.ActiveCfg = Debug|Any CPU
		{FE5D1D78-6555-4A60-9261-463127722D1E}.Debug|Any CPU.Build.0 = Debug|Any CPU
		{FE5D1D78-6555-4A60-9261-463127722D1E}.Release|Any CPU.ActiveCfg = Release|Any CPU
		{FE5D1D78-6555-4A60-9261-463127722D1E}.Release|Any CPU.Build.0 = Release|Any CPU
		{0D4A51D4-E72E-4423-A308-F35291195DFD}.Debug|Any CPU.ActiveCfg = Debug|Any CPU
		{0D4A51D4-E72E-4423-A308-F35291195DFD}.Debug|Any CPU.Build.0 = Debug|Any CPU
		{0D4A51D4-E72E-4423-A308-F35291195DFD}.Release|Any CPU.ActiveCfg = Release|Any CPU
		{0D4A51D4-E72E-4423-A308-F35291195DFD}.Release|Any CPU.Build.0 = Release|Any CPU
		{BFD83E09-E190-4B5E-8F16-BD91F457E058}.Debug|Any CPU.ActiveCfg = Debug|Any CPU
		{BFD83E09-E190-4B5E-8F16-BD91F457E058}.Debug|Any CPU.Build.0 = Debug|Any CPU
		{BFD83E09-E190-4B5E-8F16-BD91F457E058}.Release|Any CPU.ActiveCfg = Release|Any CPU
		{BFD83E09-E190-4B5E-8F16-BD91F457E058}.Release|Any CPU.Build.0 = Release|Any CPU
		{890818B2-EE50-4CB2-9C85-BAA60730CAAB}.Debug|Any CPU.ActiveCfg = Debug|Any CPU
		{890818B2-EE50-4CB2-9C85-BAA60730CAAB}.Debug|Any CPU.Build.0 = Debug|Any CPU
		{890818B2-EE50-4CB2-9C85-BAA60730CAAB}.Release|Any CPU.ActiveCfg = Release|Any CPU
		{890818B2-EE50-4CB2-9C85-BAA60730CAAB}.Release|Any CPU.Build.0 = Release|Any CPU
		{C2A8BD1A-52FA-4A05-8581-72C39C795C9C}.Debug|Any CPU.ActiveCfg = Debug|Any CPU
		{C2A8BD1A-52FA-4A05-8581-72C39C795C9C}.Debug|Any CPU.Build.0 = Debug|Any CPU
		{C2A8BD1A-52FA-4A05-8581-72C39C795C9C}.Release|Any CPU.ActiveCfg = Release|Any CPU
		{C2A8BD1A-52FA-4A05-8581-72C39C795C9C}.Release|Any CPU.Build.0 = Release|Any CPU
		{FCE4B7F7-BDF8-40AE-8F28-88C624C32F25}.Debug|Any CPU.ActiveCfg = Debug|Any CPU
		{FCE4B7F7-BDF8-40AE-8F28-88C624C32F25}.Debug|Any CPU.Build.0 = Debug|Any CPU
		{FCE4B7F7-BDF8-40AE-8F28-88C624C32F25}.Release|Any CPU.ActiveCfg = Release|Any CPU
		{FCE4B7F7-BDF8-40AE-8F28-88C624C32F25}.Release|Any CPU.Build.0 = Release|Any CPU
		{BDBE45E2-0DB8-4C7C-8177-0F1FBB5831C8}.Debug|Any CPU.ActiveCfg = Debug|Any CPU
		{BDBE45E2-0DB8-4C7C-8177-0F1FBB5831C8}.Debug|Any CPU.Build.0 = Debug|Any CPU
		{BDBE45E2-0DB8-4C7C-8177-0F1FBB5831C8}.Release|Any CPU.ActiveCfg = Release|Any CPU
		{BDBE45E2-0DB8-4C7C-8177-0F1FBB5831C8}.Release|Any CPU.Build.0 = Release|Any CPU
		{F20882E3-3C19-4EE9-914E-2C181DA37F98}.Debug|Any CPU.ActiveCfg = Debug|Any CPU
		{F20882E3-3C19-4EE9-914E-2C181DA37F98}.Debug|Any CPU.Build.0 = Debug|Any CPU
		{F20882E3-3C19-4EE9-914E-2C181DA37F98}.Release|Any CPU.ActiveCfg = Release|Any CPU
		{F20882E3-3C19-4EE9-914E-2C181DA37F98}.Release|Any CPU.Build.0 = Release|Any CPU
		{DB517AF8-551D-4C08-83BE-69D803C89173}.Debug|Any CPU.ActiveCfg = Debug|Any CPU
		{DB517AF8-551D-4C08-83BE-69D803C89173}.Debug|Any CPU.Build.0 = Debug|Any CPU
		{DB517AF8-551D-4C08-83BE-69D803C89173}.Release|Any CPU.ActiveCfg = Release|Any CPU
		{DB517AF8-551D-4C08-83BE-69D803C89173}.Release|Any CPU.Build.0 = Release|Any CPU
		{4BA4719C-C6AB-49BA-9754-848CA24C1FD6}.Debug|Any CPU.ActiveCfg = Debug|Any CPU
		{4BA4719C-C6AB-49BA-9754-848CA24C1FD6}.Debug|Any CPU.Build.0 = Debug|Any CPU
		{4BA4719C-C6AB-49BA-9754-848CA24C1FD6}.Release|Any CPU.ActiveCfg = Release|Any CPU
		{4BA4719C-C6AB-49BA-9754-848CA24C1FD6}.Release|Any CPU.Build.0 = Release|Any CPU
		{2F733548-64BA-4727-96FC-B4467B7F3D3B}.Debug|Any CPU.ActiveCfg = Debug|Any CPU
		{2F733548-64BA-4727-96FC-B4467B7F3D3B}.Debug|Any CPU.Build.0 = Debug|Any CPU
		{2F733548-64BA-4727-96FC-B4467B7F3D3B}.Release|Any CPU.ActiveCfg = Release|Any CPU
		{2F733548-64BA-4727-96FC-B4467B7F3D3B}.Release|Any CPU.Build.0 = Release|Any CPU
		{2146DCDE-CECA-47B8-B8FD-1E6D216648B7}.Debug|Any CPU.ActiveCfg = Debug|Any CPU
		{2146DCDE-CECA-47B8-B8FD-1E6D216648B7}.Debug|Any CPU.Build.0 = Debug|Any CPU
		{2146DCDE-CECA-47B8-B8FD-1E6D216648B7}.Release|Any CPU.ActiveCfg = Release|Any CPU
		{2146DCDE-CECA-47B8-B8FD-1E6D216648B7}.Release|Any CPU.Build.0 = Release|Any CPU
		{A3173743-90E7-4A97-867E-80353C694D91}.Debug|Any CPU.ActiveCfg = Debug|Any CPU
		{A3173743-90E7-4A97-867E-80353C694D91}.Debug|Any CPU.Build.0 = Debug|Any CPU
		{A3173743-90E7-4A97-867E-80353C694D91}.Release|Any CPU.ActiveCfg = Release|Any CPU
		{A3173743-90E7-4A97-867E-80353C694D91}.Release|Any CPU.Build.0 = Release|Any CPU
		{26CB22CC-452F-4B6D-8FF6-E004154886B9}.Debug|Any CPU.ActiveCfg = Debug|Any CPU
		{26CB22CC-452F-4B6D-8FF6-E004154886B9}.Debug|Any CPU.Build.0 = Debug|Any CPU
		{26CB22CC-452F-4B6D-8FF6-E004154886B9}.Release|Any CPU.ActiveCfg = Release|Any CPU
		{26CB22CC-452F-4B6D-8FF6-E004154886B9}.Release|Any CPU.Build.0 = Release|Any CPU
		{9BF99007-7252-4BCE-9187-F556D0DDB4A8}.Debug|Any CPU.ActiveCfg = Debug
		{9BF99007-7252-4BCE-9187-F556D0DDB4A8}.Release|Any CPU.ActiveCfg = Release
		{B99C4113-F12D-4071-A64E-EAF2F09902AA}.Debug|Any CPU.ActiveCfg = Debug|Any CPU
		{B99C4113-F12D-4071-A64E-EAF2F09902AA}.Debug|Any CPU.Build.0 = Debug|Any CPU
		{B99C4113-F12D-4071-A64E-EAF2F09902AA}.Release|Any CPU.ActiveCfg = Release|Any CPU
		{B99C4113-F12D-4071-A64E-EAF2F09902AA}.Release|Any CPU.Build.0 = Release|Any CPU
		{21244318-4997-4F52-8ED7-3293A026502A}.Debug|Any CPU.ActiveCfg = Debug|Any CPU
		{21244318-4997-4F52-8ED7-3293A026502A}.Debug|Any CPU.Build.0 = Debug|Any CPU
		{21244318-4997-4F52-8ED7-3293A026502A}.Release|Any CPU.ActiveCfg = Release|Any CPU
		{21244318-4997-4F52-8ED7-3293A026502A}.Release|Any CPU.Build.0 = Release|Any CPU
		{1F5C3A84-EA23-43A1-B888-4C4BF2C68905}.Debug|Any CPU.ActiveCfg = Debug|Any CPU
		{1F5C3A84-EA23-43A1-B888-4C4BF2C68905}.Debug|Any CPU.Build.0 = Debug|Any CPU
		{1F5C3A84-EA23-43A1-B888-4C4BF2C68905}.Release|Any CPU.ActiveCfg = Release|Any CPU
		{1F5C3A84-EA23-43A1-B888-4C4BF2C68905}.Release|Any CPU.Build.0 = Release|Any CPU
		{8D912FC5-617B-4382-9666-3AC8B8195A59}.Debug|Any CPU.ActiveCfg = Debug|Any CPU
		{8D912FC5-617B-4382-9666-3AC8B8195A59}.Debug|Any CPU.Build.0 = Debug|Any CPU
		{8D912FC5-617B-4382-9666-3AC8B8195A59}.Release|Any CPU.ActiveCfg = Release|Any CPU
		{8D912FC5-617B-4382-9666-3AC8B8195A59}.Release|Any CPU.Build.0 = Release|Any CPU
		{865AA81D-02C6-4563-8562-6A77E93DAE73}.Debug|Any CPU.ActiveCfg = Debug|Any CPU
		{865AA81D-02C6-4563-8562-6A77E93DAE73}.Debug|Any CPU.Build.0 = Debug|Any CPU
		{865AA81D-02C6-4563-8562-6A77E93DAE73}.Release|Any CPU.ActiveCfg = Release|Any CPU
		{865AA81D-02C6-4563-8562-6A77E93DAE73}.Release|Any CPU.Build.0 = Release|Any CPU
		{3850C013-73AA-4C2A-8C2C-16D75DB6494F}.Debug|Any CPU.ActiveCfg = Debug|Any CPU
		{3850C013-73AA-4C2A-8C2C-16D75DB6494F}.Debug|Any CPU.Build.0 = Debug|Any CPU
		{3850C013-73AA-4C2A-8C2C-16D75DB6494F}.Release|Any CPU.ActiveCfg = Release|Any CPU
		{3850C013-73AA-4C2A-8C2C-16D75DB6494F}.Release|Any CPU.Build.0 = Release|Any CPU
		{D3BDBDF2-B305-48A2-9BD1-CE51C4F805FB}.Debug|Any CPU.ActiveCfg = Debug|Any CPU
		{D3BDBDF2-B305-48A2-9BD1-CE51C4F805FB}.Debug|Any CPU.Build.0 = Debug|Any CPU
		{D3BDBDF2-B305-48A2-9BD1-CE51C4F805FB}.Release|Any CPU.ActiveCfg = Release|Any CPU
		{D3BDBDF2-B305-48A2-9BD1-CE51C4F805FB}.Release|Any CPU.Build.0 = Release|Any CPU
	EndGlobalSection
	GlobalSection(SolutionProperties) = preSolution
		HideSolutionNode = FALSE
	EndGlobalSection
	GlobalSection(NestedProjects) = preSolution
		{CA32AB79-619A-4658-BD07-64D7063F331E} = {AD009B7E-3820-4811-BF13-AAF81F3C3256}
		{C2A8BD1A-52FA-4A05-8581-72C39C795C9C} = {AD009B7E-3820-4811-BF13-AAF81F3C3256}
		{FCE4B7F7-BDF8-40AE-8F28-88C624C32F25} = {AD009B7E-3820-4811-BF13-AAF81F3C3256}
		{21244318-4997-4F52-8ED7-3293A026502A} = {AD009B7E-3820-4811-BF13-AAF81F3C3256}
		{8D912FC5-617B-4382-9666-3AC8B8195A59} = {AD009B7E-3820-4811-BF13-AAF81F3C3256}
		{46A66D23-5698-4A91-8E65-6F09587A9CF3} = {C9D639EC-E301-4D45-899B-DEC9D9AC4016}
		{BC0CEF1A-20FD-49B4-8611-9BD8D4F168B9} = {C9D639EC-E301-4D45-899B-DEC9D9AC4016}
		{265E2ED8-B3D7-4AFC-971A-CFC28821CA67} = {C9D639EC-E301-4D45-899B-DEC9D9AC4016}
		{B99C4113-F12D-4071-A64E-EAF2F09902AA} = {C9D639EC-E301-4D45-899B-DEC9D9AC4016}
		{DA3E73D7-981C-4B5F-AF58-B822377BCE07} = {BC0CEF1A-20FD-49B4-8611-9BD8D4F168B9}
		{5CCF8EB7-B56A-4CD0-ACE8-D38278BAD58B} = {BC0CEF1A-20FD-49B4-8611-9BD8D4F168B9}
		{E5EC9BEA-5BCC-4237-A1DC-8E229CBEAEFC} = {DA3E73D7-981C-4B5F-AF58-B822377BCE07}
		{FF3DC5E6-32D4-49BE-9B76-7D5079B395CC} = {5CCF8EB7-B56A-4CD0-ACE8-D38278BAD58B}
		{A2487F78-4862-4224-9C4B-90455531A102} = {FF3DC5E6-32D4-49BE-9B76-7D5079B395CC}
		{D94F6475-E950-479D-9092-E6392630AE2E} = {FF3DC5E6-32D4-49BE-9B76-7D5079B395CC}
		{A9779A45-D41C-4C81-B341-EB929AE9BBC1} = {265E2ED8-B3D7-4AFC-971A-CFC28821CA67}
		{F7CEAF24-AA97-46C3-A18B-B74AA5772BAF} = {0654A3BC-E54C-4C51-877C-338EE1CFF1B6}
		{FC57F2A1-D0A0-43F5-AEAB-344E92014BAE} = {10DE0842-5BC6-406E-9A53-966CAF648BF8}
		{FE5D1D78-6555-4A60-9261-463127722D1E} = {10DE0842-5BC6-406E-9A53-966CAF648BF8}
		{0D4A51D4-E72E-4423-A308-F35291195DFD} = {10DE0842-5BC6-406E-9A53-966CAF648BF8}
		{BFD83E09-E190-4B5E-8F16-BD91F457E058} = {10DE0842-5BC6-406E-9A53-966CAF648BF8}
		{890818B2-EE50-4CB2-9C85-BAA60730CAAB} = {10DE0842-5BC6-406E-9A53-966CAF648BF8}
		{BDBE45E2-0DB8-4C7C-8177-0F1FBB5831C8} = {10DE0842-5BC6-406E-9A53-966CAF648BF8}
		{F20882E3-3C19-4EE9-914E-2C181DA37F98} = {10DE0842-5BC6-406E-9A53-966CAF648BF8}
		{DB517AF8-551D-4C08-83BE-69D803C89173} = {10DE0842-5BC6-406E-9A53-966CAF648BF8}
		{4BA4719C-C6AB-49BA-9754-848CA24C1FD6} = {10DE0842-5BC6-406E-9A53-966CAF648BF8}
		{2F733548-64BA-4727-96FC-B4467B7F3D3B} = {10DE0842-5BC6-406E-9A53-966CAF648BF8}
		{2146DCDE-CECA-47B8-B8FD-1E6D216648B7} = {10DE0842-5BC6-406E-9A53-966CAF648BF8}
		{A3173743-90E7-4A97-867E-80353C694D91} = {10DE0842-5BC6-406E-9A53-966CAF648BF8}
		{26CB22CC-452F-4B6D-8FF6-E004154886B9} = {10DE0842-5BC6-406E-9A53-966CAF648BF8}
		{1F5C3A84-EA23-43A1-B888-4C4BF2C68905} = {10DE0842-5BC6-406E-9A53-966CAF648BF8}
		{865AA81D-02C6-4563-8562-6A77E93DAE73} = {10DE0842-5BC6-406E-9A53-966CAF648BF8}
		{3850C013-73AA-4C2A-8C2C-16D75DB6494F} = {10DE0842-5BC6-406E-9A53-966CAF648BF8}
		{D3BDBDF2-B305-48A2-9BD1-CE51C4F805FB} = {10DE0842-5BC6-406E-9A53-966CAF648BF8}
		{9BF99007-7252-4BCE-9187-F556D0DDB4A8} = {DF487866-3181-456A-9DC8-F47147407B0D}
	EndGlobalSection
EndGlobal
